
Microsoft Visual Studio Solution File, Format Version 12.00
# Visual Studio Version 17
VisualStudioVersion = 17.11.35222.181
MinimumVisualStudioVersion = 10.0.40219.1
Project("{FAE04EC0-301F-11D3-BF4B-00C04F79EFBC}") = "PizzaStoreAPI", "PizzaStoreAPI.csproj", "{15B0F902-571B-45F6-A05A-E844AC434317}"
EndProject
Global
	GlobalSection(SolutionConfigurationPlatforms) = preSolution
		Debug|Any CPU = Debug|Any CPU
		Release|Any CPU = Release|Any CPU
	EndGlobalSection
	GlobalSection(ProjectConfigurationPlatforms) = postSolution
		{15B0F902-571B-45F6-A05A-E844AC434317}.Debug|Any CPU.ActiveCfg = Debug|Any CPU
		{15B0F902-571B-45F6-A05A-E844AC434317}.Debug|Any CPU.Build.0 = Debug|Any CPU
		{15B0F902-571B-45F6-A05A-E844AC434317}.Release|Any CPU.ActiveCfg = Release|Any CPU
		{15B0F902-571B-45F6-A05A-E844AC434317}.Release|Any CPU.Build.0 = Release|Any CPU
	EndGlobalSection
	GlobalSection(SolutionProperties) = preSolution
		HideSolutionNode = FALSE
	EndGlobalSection
	GlobalSection(ExtensibilityGlobals) = postSolution
		SolutionGuid = {3A8A3F47-CC73-400D-A2DA-1126DA58A24C}
	EndGlobalSection
EndGlobal
